
Microsoft Visual Studio Solution File, Format Version 12.00
# Visual Studio Version 17
VisualStudioVersion = 17.3.32922.545
MinimumVisualStudioVersion = 10.0.40219.1
Project("{FAE04EC0-301F-11D3-BF4B-00C04F79EFBC}") = "Task 8.3", "Task 8.3\Task 8.3.csproj", "{F44EBD9D-D188-4DAF-A8A5-0CED4C63C1EF}"
EndProject
Global
	GlobalSection(SolutionConfigurationPlatforms) = preSolution
		Debug|Any CPU = Debug|Any CPU
		Release|Any CPU = Release|Any CPU
	EndGlobalSection
	GlobalSection(ProjectConfigurationPlatforms) = postSolution
		{F44EBD9D-D188-4DAF-A8A5-0CED4C63C1EF}.Debug|Any CPU.ActiveCfg = Debug|Any CPU
		{F44EBD9D-D188-4DAF-A8A5-0CED4C63C1EF}.Debug|Any CPU.Build.0 = Debug|Any CPU
		{F44EBD9D-D188-4DAF-A8A5-0CED4C63C1EF}.Release|Any CPU.ActiveCfg = Release|Any CPU
		{F44EBD9D-D188-4DAF-A8A5-0CED4C63C1EF}.Release|Any CPU.Build.0 = Release|Any CPU
	EndGlobalSection
	GlobalSection(SolutionProperties) = preSolution
		HideSolutionNode = FALSE
	EndGlobalSection
	GlobalSection(ExtensibilityGlobals) = postSolution
		SolutionGuid = {E481D4DF-D190-48F1-A649-1B7A18A4D7FF}
	EndGlobalSection
EndGlobal
